
Microsoft Visual Studio Solution File, Format Version 12.00
# Visual Studio 15
VisualStudioVersion = 15.0.27428.2015
MinimumVisualStudioVersion = 10.0.40219.1
Project("{9A19103F-16F7-4668-BE54-9A1E7A4F7556}") = "OwinLoggingDashboard", "OwinLoggingDashboard\OwinLoggingDashboard.csproj", "{72D67595-7B7B-495E-91A1-ACC76C1A65CB}"
EndProject
Project("{9A19103F-16F7-4668-BE54-9A1E7A4F7556}") = "Sample", "Sample\Sample.csproj", "{F181B74B-C565-471F-93B7-D1FDFCE152C7}"
EndProject
Global
	GlobalSection(SolutionConfigurationPlatforms) = preSolution
		Debug|Any CPU = Debug|Any CPU
		Release|Any CPU = Release|Any CPU
	EndGlobalSection
	GlobalSection(ProjectConfigurationPlatforms) = postSolution
		{72D67595-7B7B-495E-91A1-ACC76C1A65CB}.Debug|Any CPU.ActiveCfg = Debug|Any CPU
		{72D67595-7B7B-495E-91A1-ACC76C1A65CB}.Debug|Any CPU.Build.0 = Debug|Any CPU
		{72D67595-7B7B-495E-91A1-ACC76C1A65CB}.Release|Any CPU.ActiveCfg = Release|Any CPU
		{72D67595-7B7B-495E-91A1-ACC76C1A65CB}.Release|Any CPU.Build.0 = Release|Any CPU
		{F181B74B-C565-471F-93B7-D1FDFCE152C7}.Debug|Any CPU.ActiveCfg = Debug|Any CPU
		{F181B74B-C565-471F-93B7-D1FDFCE152C7}.Debug|Any CPU.Build.0 = Debug|Any CPU
		{F181B74B-C565-471F-93B7-D1FDFCE152C7}.Release|Any CPU.ActiveCfg = Release|Any CPU
		{F181B74B-C565-471F-93B7-D1FDFCE152C7}.Release|Any CPU.Build.0 = Release|Any CPU
	EndGlobalSection
	GlobalSection(SolutionProperties) = preSolution
		HideSolutionNode = FALSE
	EndGlobalSection
	GlobalSection(ExtensibilityGlobals) = postSolution
		SolutionGuid = {5027EF19-EE87-4267-8108-A75FB626BB10}
	EndGlobalSection
EndGlobal
